
Microsoft Visual Studio Solution File, Format Version 12.00
# Visual Studio Version 16
VisualStudioVersion = 16.0.32901.82
MinimumVisualStudioVersion = 10.0.40219.1
Project("{FAE04EC0-301F-11D3-BF4B-00C04F79EFBC}") = "ComboBox-Colourful", "ComboBox-Colourful.csproj", "{22CE5559-FB2D-48BF-A2B2-F205A56BD3DF}"
EndProject
Global
	GlobalSection(SolutionConfigurationPlatforms) = preSolution
		Debug|Any CPU = Debug|Any CPU
		Release|Any CPU = Release|Any CPU
	EndGlobalSection
	GlobalSection(ProjectConfigurationPlatforms) = postSolution
		{22CE5559-FB2D-48BF-A2B2-F205A56BD3DF}.Debug|Any CPU.ActiveCfg = Debug|Any CPU
		{22CE5559-FB2D-48BF-A2B2-F205A56BD3DF}.Debug|Any CPU.Build.0 = Debug|Any CPU
		{22CE5559-FB2D-48BF-A2B2-F205A56BD3DF}.Release|Any CPU.ActiveCfg = Release|Any CPU
		{22CE5559-FB2D-48BF-A2B2-F205A56BD3DF}.Release|Any CPU.Build.0 = Release|Any CPU
	EndGlobalSection
	GlobalSection(SolutionProperties) = preSolution
		HideSolutionNode = FALSE
	EndGlobalSection
	GlobalSection(ExtensibilityGlobals) = postSolution
		SolutionGuid = {4F04429D-74C9-4408-8DBD-1743A9503930}
	EndGlobalSection
EndGlobal
