
Microsoft Visual Studio Solution File, Format Version 12.00
# Visual Studio Version 16
VisualStudioVersion = 16.0.32901.82
MinimumVisualStudioVersion = 10.0.40219.1
Project("{FAE04EC0-301F-11D3-BF4B-00C04F79EFBC}") = "TransitionBetweenForms", "TransitionBetweenForms.csproj", "{59AF1DFB-7031-45BC-9D0E-3AB4931E55F5}"
EndProject
Global
	GlobalSection(SolutionConfigurationPlatforms) = preSolution
		Debug|Any CPU = Debug|Any CPU
		Release|Any CPU = Release|Any CPU
	EndGlobalSection
	GlobalSection(ProjectConfigurationPlatforms) = postSolution
		{59AF1DFB-7031-45BC-9D0E-3AB4931E55F5}.Debug|Any CPU.ActiveCfg = Debug|Any CPU
		{59AF1DFB-7031-45BC-9D0E-3AB4931E55F5}.Debug|Any CPU.Build.0 = Debug|Any CPU
		{59AF1DFB-7031-45BC-9D0E-3AB4931E55F5}.Release|Any CPU.ActiveCfg = Release|Any CPU
		{59AF1DFB-7031-45BC-9D0E-3AB4931E55F5}.Release|Any CPU.Build.0 = Release|Any CPU
	EndGlobalSection
	GlobalSection(SolutionProperties) = preSolution
		HideSolutionNode = FALSE
	EndGlobalSection
	GlobalSection(ExtensibilityGlobals) = postSolution
		SolutionGuid = {658D1A8C-FFC9-41F3-BC15-212BE54D61BD}
	EndGlobalSection
EndGlobal
