
Microsoft Visual Studio Solution File, Format Version 12.00
# Visual Studio Version 16
VisualStudioVersion = 16.0.32901.82
MinimumVisualStudioVersion = 10.0.40219.1
Project("{FAE04EC0-301F-11D3-BF4B-00C04F79EFBC}") = "ListView-AddTextAndSelectedItem", "ListView-AddTextAndSelectedItem.csproj", "{270248AF-2AB1-4D37-A5F8-5D4A398AADAB}"
EndProject
Global
	GlobalSection(SolutionConfigurationPlatforms) = preSolution
		Debug|Any CPU = Debug|Any CPU
		Release|Any CPU = Release|Any CPU
	EndGlobalSection
	GlobalSection(ProjectConfigurationPlatforms) = postSolution
		{270248AF-2AB1-4D37-A5F8-5D4A398AADAB}.Debug|Any CPU.ActiveCfg = Debug|Any CPU
		{270248AF-2AB1-4D37-A5F8-5D4A398AADAB}.Debug|Any CPU.Build.0 = Debug|Any CPU
		{270248AF-2AB1-4D37-A5F8-5D4A398AADAB}.Release|Any CPU.ActiveCfg = Release|Any CPU
		{270248AF-2AB1-4D37-A5F8-5D4A398AADAB}.Release|Any CPU.Build.0 = Release|Any CPU
	EndGlobalSection
	GlobalSection(SolutionProperties) = preSolution
		HideSolutionNode = FALSE
	EndGlobalSection
	GlobalSection(ExtensibilityGlobals) = postSolution
		SolutionGuid = {8E5D62A1-A18F-478E-8A12-9D9687C788EF}
	EndGlobalSection
EndGlobal
