
Microsoft Visual Studio Solution File, Format Version 12.00
# Visual Studio Version 16
VisualStudioVersion = 16.0.32901.82
MinimumVisualStudioVersion = 10.0.40219.1
Project("{FAE04EC0-301F-11D3-BF4B-00C04F79EFBC}") = "ActiveToolboxsWithPassword", "ActiveToolboxsWithPassword.csproj", "{7AD14E47-8788-46EF-96FB-F2ED6B42FFF5}"
EndProject
Global
	GlobalSection(SolutionConfigurationPlatforms) = preSolution
		Debug|Any CPU = Debug|Any CPU
		Release|Any CPU = Release|Any CPU
	EndGlobalSection
	GlobalSection(ProjectConfigurationPlatforms) = postSolution
		{7AD14E47-8788-46EF-96FB-F2ED6B42FFF5}.Debug|Any CPU.ActiveCfg = Debug|Any CPU
		{7AD14E47-8788-46EF-96FB-F2ED6B42FFF5}.Debug|Any CPU.Build.0 = Debug|Any CPU
		{7AD14E47-8788-46EF-96FB-F2ED6B42FFF5}.Release|Any CPU.ActiveCfg = Release|Any CPU
		{7AD14E47-8788-46EF-96FB-F2ED6B42FFF5}.Release|Any CPU.Build.0 = Release|Any CPU
	EndGlobalSection
	GlobalSection(SolutionProperties) = preSolution
		HideSolutionNode = FALSE
	EndGlobalSection
	GlobalSection(ExtensibilityGlobals) = postSolution
		SolutionGuid = {CF1B8940-D9CA-413D-BA7F-F9DA2B3E3175}
	EndGlobalSection
EndGlobal
