
Microsoft Visual Studio Solution File, Format Version 12.00
# Visual Studio Version 16
VisualStudioVersion = 16.0.32901.82
MinimumVisualStudioVersion = 10.0.40219.1
Project("{FAE04EC0-301F-11D3-BF4B-00C04F79EFBC}") = "ScrollBar-Color", "ScrollBar-Color.csproj", "{05E84392-6001-40FA-B3AF-AF7AA02149AF}"
EndProject
Global
	GlobalSection(SolutionConfigurationPlatforms) = preSolution
		Debug|Any CPU = Debug|Any CPU
		Release|Any CPU = Release|Any CPU
	EndGlobalSection
	GlobalSection(ProjectConfigurationPlatforms) = postSolution
		{05E84392-6001-40FA-B3AF-AF7AA02149AF}.Debug|Any CPU.ActiveCfg = Debug|Any CPU
		{05E84392-6001-40FA-B3AF-AF7AA02149AF}.Debug|Any CPU.Build.0 = Debug|Any CPU
		{05E84392-6001-40FA-B3AF-AF7AA02149AF}.Release|Any CPU.ActiveCfg = Release|Any CPU
		{05E84392-6001-40FA-B3AF-AF7AA02149AF}.Release|Any CPU.Build.0 = Release|Any CPU
	EndGlobalSection
	GlobalSection(SolutionProperties) = preSolution
		HideSolutionNode = FALSE
	EndGlobalSection
	GlobalSection(ExtensibilityGlobals) = postSolution
		SolutionGuid = {5FC32873-355C-4E59-AD0C-14B682B11D85}
	EndGlobalSection
EndGlobal
