
Microsoft Visual Studio Solution File, Format Version 12.00
# Visual Studio Version 16
VisualStudioVersion = 16.0.32901.82
MinimumVisualStudioVersion = 10.0.40219.1
Project("{FAE04EC0-301F-11D3-BF4B-00C04F79EFBC}") = "AreaAndCircumferenceOfTheCircle", "AreaAndCircumferenceOfTheCircle.csproj", "{01C4F1A2-E848-415B-8307-091F087934F3}"
EndProject
Global
	GlobalSection(SolutionConfigurationPlatforms) = preSolution
		Debug|Any CPU = Debug|Any CPU
		Release|Any CPU = Release|Any CPU
	EndGlobalSection
	GlobalSection(ProjectConfigurationPlatforms) = postSolution
		{01C4F1A2-E848-415B-8307-091F087934F3}.Debug|Any CPU.ActiveCfg = Debug|Any CPU
		{01C4F1A2-E848-415B-8307-091F087934F3}.Debug|Any CPU.Build.0 = Debug|Any CPU
		{01C4F1A2-E848-415B-8307-091F087934F3}.Release|Any CPU.ActiveCfg = Release|Any CPU
		{01C4F1A2-E848-415B-8307-091F087934F3}.Release|Any CPU.Build.0 = Release|Any CPU
	EndGlobalSection
	GlobalSection(SolutionProperties) = preSolution
		HideSolutionNode = FALSE
	EndGlobalSection
	GlobalSection(ExtensibilityGlobals) = postSolution
		SolutionGuid = {3A8BDBBE-8265-421B-979E-653EB50B532A}
	EndGlobalSection
EndGlobal
