
Microsoft Visual Studio Solution File, Format Version 12.00
# Visual Studio Version 16
VisualStudioVersion = 16.0.32901.82
MinimumVisualStudioVersion = 10.0.40219.1
Project("{FAE04EC0-301F-11D3-BF4B-00C04F79EFBC}") = "PrintDocument-DrawString", "PrintDocument-DrawString.csproj", "{4C6B3821-79DF-4A08-B949-70854F557226}"
EndProject
Global
	GlobalSection(SolutionConfigurationPlatforms) = preSolution
		Debug|Any CPU = Debug|Any CPU
		Release|Any CPU = Release|Any CPU
	EndGlobalSection
	GlobalSection(ProjectConfigurationPlatforms) = postSolution
		{4C6B3821-79DF-4A08-B949-70854F557226}.Debug|Any CPU.ActiveCfg = Debug|Any CPU
		{4C6B3821-79DF-4A08-B949-70854F557226}.Debug|Any CPU.Build.0 = Debug|Any CPU
		{4C6B3821-79DF-4A08-B949-70854F557226}.Release|Any CPU.ActiveCfg = Release|Any CPU
		{4C6B3821-79DF-4A08-B949-70854F557226}.Release|Any CPU.Build.0 = Release|Any CPU
	EndGlobalSection
	GlobalSection(SolutionProperties) = preSolution
		HideSolutionNode = FALSE
	EndGlobalSection
	GlobalSection(ExtensibilityGlobals) = postSolution
		SolutionGuid = {FAF4B1C1-C435-4C77-89EA-169A7EED4EAA}
	EndGlobalSection
EndGlobal
