
Microsoft Visual Studio Solution File, Format Version 12.00
# Visual Studio Version 16
VisualStudioVersion = 16.0.32901.82
MinimumVisualStudioVersion = 10.0.40219.1
Project("{FAE04EC0-301F-11D3-BF4B-00C04F79EFBC}") = "SelectNextControl", "SelectNextControl.csproj", "{AD0616B3-8C3F-4563-826D-825E54E1A688}"
EndProject
Global
	GlobalSection(SolutionConfigurationPlatforms) = preSolution
		Debug|Any CPU = Debug|Any CPU
		Release|Any CPU = Release|Any CPU
	EndGlobalSection
	GlobalSection(ProjectConfigurationPlatforms) = postSolution
		{AD0616B3-8C3F-4563-826D-825E54E1A688}.Debug|Any CPU.ActiveCfg = Debug|Any CPU
		{AD0616B3-8C3F-4563-826D-825E54E1A688}.Debug|Any CPU.Build.0 = Debug|Any CPU
		{AD0616B3-8C3F-4563-826D-825E54E1A688}.Release|Any CPU.ActiveCfg = Release|Any CPU
		{AD0616B3-8C3F-4563-826D-825E54E1A688}.Release|Any CPU.Build.0 = Release|Any CPU
	EndGlobalSection
	GlobalSection(SolutionProperties) = preSolution
		HideSolutionNode = FALSE
	EndGlobalSection
	GlobalSection(ExtensibilityGlobals) = postSolution
		SolutionGuid = {664D1EFD-5CF0-46CB-81E7-E5B841710C36}
	EndGlobalSection
EndGlobal
