
Microsoft Visual Studio Solution File, Format Version 12.00
# Visual Studio Version 16
VisualStudioVersion = 16.0.32901.82
MinimumVisualStudioVersion = 10.0.40219.1
Project("{FAE04EC0-301F-11D3-BF4B-00C04F79EFBC}") = "TextBox-EnterLeave", "TextBox-EnterLeave.csproj", "{60DB0674-F85E-45EA-B99B-06D977B63766}"
EndProject
Global
	GlobalSection(SolutionConfigurationPlatforms) = preSolution
		Debug|Any CPU = Debug|Any CPU
		Release|Any CPU = Release|Any CPU
	EndGlobalSection
	GlobalSection(ProjectConfigurationPlatforms) = postSolution
		{60DB0674-F85E-45EA-B99B-06D977B63766}.Debug|Any CPU.ActiveCfg = Debug|Any CPU
		{60DB0674-F85E-45EA-B99B-06D977B63766}.Debug|Any CPU.Build.0 = Debug|Any CPU
		{60DB0674-F85E-45EA-B99B-06D977B63766}.Release|Any CPU.ActiveCfg = Release|Any CPU
		{60DB0674-F85E-45EA-B99B-06D977B63766}.Release|Any CPU.Build.0 = Release|Any CPU
	EndGlobalSection
	GlobalSection(SolutionProperties) = preSolution
		HideSolutionNode = FALSE
	EndGlobalSection
	GlobalSection(ExtensibilityGlobals) = postSolution
		SolutionGuid = {140C31DE-11A2-47D5-B877-DE466F9A55A2}
	EndGlobalSection
EndGlobal
