
Microsoft Visual Studio Solution File, Format Version 12.00
# Visual Studio Version 16
VisualStudioVersion = 16.0.32901.82
MinimumVisualStudioVersion = 10.0.40219.1
Project("{FAE04EC0-301F-11D3-BF4B-00C04F79EFBC}") = "TextBox-SplitterDock", "TextBox-SplitterDock.csproj", "{402DF610-7499-454C-8F46-E23A1A799383}"
EndProject
Global
	GlobalSection(SolutionConfigurationPlatforms) = preSolution
		Debug|Any CPU = Debug|Any CPU
		Release|Any CPU = Release|Any CPU
	EndGlobalSection
	GlobalSection(ProjectConfigurationPlatforms) = postSolution
		{402DF610-7499-454C-8F46-E23A1A799383}.Debug|Any CPU.ActiveCfg = Debug|Any CPU
		{402DF610-7499-454C-8F46-E23A1A799383}.Debug|Any CPU.Build.0 = Debug|Any CPU
		{402DF610-7499-454C-8F46-E23A1A799383}.Release|Any CPU.ActiveCfg = Release|Any CPU
		{402DF610-7499-454C-8F46-E23A1A799383}.Release|Any CPU.Build.0 = Release|Any CPU
	EndGlobalSection
	GlobalSection(SolutionProperties) = preSolution
		HideSolutionNode = FALSE
	EndGlobalSection
	GlobalSection(ExtensibilityGlobals) = postSolution
		SolutionGuid = {F4A8A9D0-61D1-46B2-80DC-2F55280723FC}
	EndGlobalSection
EndGlobal
