
Microsoft Visual Studio Solution File, Format Version 12.00
# Visual Studio Version 16
VisualStudioVersion = 16.0.32901.82
MinimumVisualStudioVersion = 10.0.40219.1
Project("{FAE04EC0-301F-11D3-BF4B-00C04F79EFBC}") = "DrawRotateTransform", "DrawRotateTransform.csproj", "{D52F63E7-464D-4746-84CC-1CA56E46C86A}"
EndProject
Global
	GlobalSection(SolutionConfigurationPlatforms) = preSolution
		Debug|Any CPU = Debug|Any CPU
		Release|Any CPU = Release|Any CPU
	EndGlobalSection
	GlobalSection(ProjectConfigurationPlatforms) = postSolution
		{D52F63E7-464D-4746-84CC-1CA56E46C86A}.Debug|Any CPU.ActiveCfg = Debug|Any CPU
		{D52F63E7-464D-4746-84CC-1CA56E46C86A}.Debug|Any CPU.Build.0 = Debug|Any CPU
		{D52F63E7-464D-4746-84CC-1CA56E46C86A}.Release|Any CPU.ActiveCfg = Release|Any CPU
		{D52F63E7-464D-4746-84CC-1CA56E46C86A}.Release|Any CPU.Build.0 = Release|Any CPU
	EndGlobalSection
	GlobalSection(SolutionProperties) = preSolution
		HideSolutionNode = FALSE
	EndGlobalSection
	GlobalSection(ExtensibilityGlobals) = postSolution
		SolutionGuid = {36F72EE4-1109-46E5-B36E-A6660075622A}
	EndGlobalSection
EndGlobal
