
Microsoft Visual Studio Solution File, Format Version 12.00
# Visual Studio Version 16
VisualStudioVersion = 16.0.32901.82
MinimumVisualStudioVersion = 10.0.40219.1
Project("{FAE04EC0-301F-11D3-BF4B-00C04F79EFBC}") = "TextBox-TextAlign", "TextBox-TextAlign.csproj", "{AA124657-5DF4-404F-BF31-580EDAB78BD3}"
EndProject
Global
	GlobalSection(SolutionConfigurationPlatforms) = preSolution
		Debug|Any CPU = Debug|Any CPU
		Release|Any CPU = Release|Any CPU
	EndGlobalSection
	GlobalSection(ProjectConfigurationPlatforms) = postSolution
		{AA124657-5DF4-404F-BF31-580EDAB78BD3}.Debug|Any CPU.ActiveCfg = Debug|Any CPU
		{AA124657-5DF4-404F-BF31-580EDAB78BD3}.Debug|Any CPU.Build.0 = Debug|Any CPU
		{AA124657-5DF4-404F-BF31-580EDAB78BD3}.Release|Any CPU.ActiveCfg = Release|Any CPU
		{AA124657-5DF4-404F-BF31-580EDAB78BD3}.Release|Any CPU.Build.0 = Release|Any CPU
	EndGlobalSection
	GlobalSection(SolutionProperties) = preSolution
		HideSolutionNode = FALSE
	EndGlobalSection
	GlobalSection(ExtensibilityGlobals) = postSolution
		SolutionGuid = {EBEE83D9-551E-4730-8FA6-BA612D3ADEB0}
	EndGlobalSection
EndGlobal
