
Microsoft Visual Studio Solution File, Format Version 12.00
# Visual Studio Version 16
VisualStudioVersion = 16.0.32901.82
MinimumVisualStudioVersion = 10.0.40219.1
Project("{FAE04EC0-301F-11D3-BF4B-00C04F79EFBC}") = "FactorialCalcAccordToGivenNumber", "FactorialCalcAccordToGivenNumber.csproj", "{C7DADD4D-624E-4290-BC9C-59FE471338AB}"
EndProject
Global
	GlobalSection(SolutionConfigurationPlatforms) = preSolution
		Debug|Any CPU = Debug|Any CPU
		Release|Any CPU = Release|Any CPU
	EndGlobalSection
	GlobalSection(ProjectConfigurationPlatforms) = postSolution
		{C7DADD4D-624E-4290-BC9C-59FE471338AB}.Debug|Any CPU.ActiveCfg = Debug|Any CPU
		{C7DADD4D-624E-4290-BC9C-59FE471338AB}.Debug|Any CPU.Build.0 = Debug|Any CPU
		{C7DADD4D-624E-4290-BC9C-59FE471338AB}.Release|Any CPU.ActiveCfg = Release|Any CPU
		{C7DADD4D-624E-4290-BC9C-59FE471338AB}.Release|Any CPU.Build.0 = Release|Any CPU
	EndGlobalSection
	GlobalSection(SolutionProperties) = preSolution
		HideSolutionNode = FALSE
	EndGlobalSection
	GlobalSection(ExtensibilityGlobals) = postSolution
		SolutionGuid = {7E41DED0-C2D5-4C11-AE78-C758C2C56182}
	EndGlobalSection
EndGlobal
