
Microsoft Visual Studio Solution File, Format Version 12.00
# Visual Studio Version 16
VisualStudioVersion = 16.0.32901.82
MinimumVisualStudioVersion = 10.0.40219.1
Project("{FAE04EC0-301F-11D3-BF4B-00C04F79EFBC}") = "Form-OpenForms", "Form-OpenForms.csproj", "{8FE9A134-F68C-4738-A174-806E4565640F}"
EndProject
Global
	GlobalSection(SolutionConfigurationPlatforms) = preSolution
		Debug|Any CPU = Debug|Any CPU
		Release|Any CPU = Release|Any CPU
	EndGlobalSection
	GlobalSection(ProjectConfigurationPlatforms) = postSolution
		{8FE9A134-F68C-4738-A174-806E4565640F}.Debug|Any CPU.ActiveCfg = Debug|Any CPU
		{8FE9A134-F68C-4738-A174-806E4565640F}.Debug|Any CPU.Build.0 = Debug|Any CPU
		{8FE9A134-F68C-4738-A174-806E4565640F}.Release|Any CPU.ActiveCfg = Release|Any CPU
		{8FE9A134-F68C-4738-A174-806E4565640F}.Release|Any CPU.Build.0 = Release|Any CPU
	EndGlobalSection
	GlobalSection(SolutionProperties) = preSolution
		HideSolutionNode = FALSE
	EndGlobalSection
	GlobalSection(ExtensibilityGlobals) = postSolution
		SolutionGuid = {E6C370ED-9FCA-4BB2-B2C5-A596F19FFB53}
	EndGlobalSection
EndGlobal
