
Microsoft Visual Studio Solution File, Format Version 12.00
# Visual Studio Version 16
VisualStudioVersion = 16.0.32901.82
MinimumVisualStudioVersion = 10.0.40219.1
Project("{FAE04EC0-301F-11D3-BF4B-00C04F79EFBC}") = "Guid-FindNumberOfFramesInTheImage", "Guid-FindNumberOfFramesInTheImage.csproj", "{4C1EAED0-36E9-4929-B421-224F792F28F1}"
EndProject
Global
	GlobalSection(SolutionConfigurationPlatforms) = preSolution
		Debug|Any CPU = Debug|Any CPU
		Release|Any CPU = Release|Any CPU
	EndGlobalSection
	GlobalSection(ProjectConfigurationPlatforms) = postSolution
		{4C1EAED0-36E9-4929-B421-224F792F28F1}.Debug|Any CPU.ActiveCfg = Debug|Any CPU
		{4C1EAED0-36E9-4929-B421-224F792F28F1}.Debug|Any CPU.Build.0 = Debug|Any CPU
		{4C1EAED0-36E9-4929-B421-224F792F28F1}.Release|Any CPU.ActiveCfg = Release|Any CPU
		{4C1EAED0-36E9-4929-B421-224F792F28F1}.Release|Any CPU.Build.0 = Release|Any CPU
	EndGlobalSection
	GlobalSection(SolutionProperties) = preSolution
		HideSolutionNode = FALSE
	EndGlobalSection
	GlobalSection(ExtensibilityGlobals) = postSolution
		SolutionGuid = {722BB6C3-B4EE-4171-96E5-435A50DF5F5B}
	EndGlobalSection
EndGlobal
