
Microsoft Visual Studio Solution File, Format Version 12.00
# Visual Studio Version 16
VisualStudioVersion = 16.0.32901.82
MinimumVisualStudioVersion = 10.0.40219.1
Project("{FAE04EC0-301F-11D3-BF4B-00C04F79EFBC}") = "Graphics-DrawStick", "Graphics-DrawStick.csproj", "{B1213785-5944-48A1-813B-6C66BEF32C15}"
EndProject
Global
	GlobalSection(SolutionConfigurationPlatforms) = preSolution
		Debug|Any CPU = Debug|Any CPU
		Release|Any CPU = Release|Any CPU
	EndGlobalSection
	GlobalSection(ProjectConfigurationPlatforms) = postSolution
		{B1213785-5944-48A1-813B-6C66BEF32C15}.Debug|Any CPU.ActiveCfg = Debug|Any CPU
		{B1213785-5944-48A1-813B-6C66BEF32C15}.Debug|Any CPU.Build.0 = Debug|Any CPU
		{B1213785-5944-48A1-813B-6C66BEF32C15}.Release|Any CPU.ActiveCfg = Release|Any CPU
		{B1213785-5944-48A1-813B-6C66BEF32C15}.Release|Any CPU.Build.0 = Release|Any CPU
	EndGlobalSection
	GlobalSection(SolutionProperties) = preSolution
		HideSolutionNode = FALSE
	EndGlobalSection
	GlobalSection(ExtensibilityGlobals) = postSolution
		SolutionGuid = {00961328-F3A9-462D-B8B0-95804E55B877}
	EndGlobalSection
EndGlobal
