
Microsoft Visual Studio Solution File, Format Version 12.00
# Visual Studio Version 16
VisualStudioVersion = 16.0.32901.82
MinimumVisualStudioVersion = 10.0.40219.1
Project("{FAE04EC0-301F-11D3-BF4B-00C04F79EFBC}") = "DataGridView-CreateRowsAndCols", "DataGridView-CreateRowsAndCols.csproj", "{4DFAF030-B2A9-4B09-BC35-1FFB1204D5A8}"
EndProject
Global
	GlobalSection(SolutionConfigurationPlatforms) = preSolution
		Debug|Any CPU = Debug|Any CPU
		Release|Any CPU = Release|Any CPU
	EndGlobalSection
	GlobalSection(ProjectConfigurationPlatforms) = postSolution
		{4DFAF030-B2A9-4B09-BC35-1FFB1204D5A8}.Debug|Any CPU.ActiveCfg = Debug|Any CPU
		{4DFAF030-B2A9-4B09-BC35-1FFB1204D5A8}.Debug|Any CPU.Build.0 = Debug|Any CPU
		{4DFAF030-B2A9-4B09-BC35-1FFB1204D5A8}.Release|Any CPU.ActiveCfg = Release|Any CPU
		{4DFAF030-B2A9-4B09-BC35-1FFB1204D5A8}.Release|Any CPU.Build.0 = Release|Any CPU
	EndGlobalSection
	GlobalSection(SolutionProperties) = preSolution
		HideSolutionNode = FALSE
	EndGlobalSection
	GlobalSection(ExtensibilityGlobals) = postSolution
		SolutionGuid = {98EA16C6-AAFF-4FBA-B82C-9E714C7BA993}
	EndGlobalSection
EndGlobal
