
Microsoft Visual Studio Solution File, Format Version 12.00
# Visual Studio Version 16
VisualStudioVersion = 16.0.32901.82
MinimumVisualStudioVersion = 10.0.40219.1
Project("{FAE04EC0-301F-11D3-BF4B-00C04F79EFBC}") = "RichTextBox-FileDialog", "RichTextBox-FileDialog.csproj", "{A37D18C0-9F91-434E-AB20-2EAB588EBF13}"
EndProject
Global
	GlobalSection(SolutionConfigurationPlatforms) = preSolution
		Debug|Any CPU = Debug|Any CPU
		Release|Any CPU = Release|Any CPU
	EndGlobalSection
	GlobalSection(ProjectConfigurationPlatforms) = postSolution
		{A37D18C0-9F91-434E-AB20-2EAB588EBF13}.Debug|Any CPU.ActiveCfg = Debug|Any CPU
		{A37D18C0-9F91-434E-AB20-2EAB588EBF13}.Debug|Any CPU.Build.0 = Debug|Any CPU
		{A37D18C0-9F91-434E-AB20-2EAB588EBF13}.Release|Any CPU.ActiveCfg = Release|Any CPU
		{A37D18C0-9F91-434E-AB20-2EAB588EBF13}.Release|Any CPU.Build.0 = Release|Any CPU
	EndGlobalSection
	GlobalSection(SolutionProperties) = preSolution
		HideSolutionNode = FALSE
	EndGlobalSection
	GlobalSection(ExtensibilityGlobals) = postSolution
		SolutionGuid = {80015E18-2434-48E9-90F1-9409BCF0262D}
	EndGlobalSection
EndGlobal
