
Microsoft Visual Studio Solution File, Format Version 12.00
# Visual Studio Version 16
VisualStudioVersion = 16.0.32901.82
MinimumVisualStudioVersion = 10.0.40219.1
Project("{FAE04EC0-301F-11D3-BF4B-00C04F79EFBC}") = "ExamScoreCalculation", "ExamScoreCalculation.csproj", "{F3661F14-5DD8-4292-9593-B0AEC63E85B1}"
EndProject
Global
	GlobalSection(SolutionConfigurationPlatforms) = preSolution
		Debug|Any CPU = Debug|Any CPU
		Release|Any CPU = Release|Any CPU
	EndGlobalSection
	GlobalSection(ProjectConfigurationPlatforms) = postSolution
		{F3661F14-5DD8-4292-9593-B0AEC63E85B1}.Debug|Any CPU.ActiveCfg = Debug|Any CPU
		{F3661F14-5DD8-4292-9593-B0AEC63E85B1}.Debug|Any CPU.Build.0 = Debug|Any CPU
		{F3661F14-5DD8-4292-9593-B0AEC63E85B1}.Release|Any CPU.ActiveCfg = Release|Any CPU
		{F3661F14-5DD8-4292-9593-B0AEC63E85B1}.Release|Any CPU.Build.0 = Release|Any CPU
	EndGlobalSection
	GlobalSection(SolutionProperties) = preSolution
		HideSolutionNode = FALSE
	EndGlobalSection
	GlobalSection(ExtensibilityGlobals) = postSolution
		SolutionGuid = {62E24574-46E3-4468-AAFB-6DFC40D68A34}
	EndGlobalSection
EndGlobal
