
Microsoft Visual Studio Solution File, Format Version 12.00
# Visual Studio Version 16
VisualStudioVersion = 16.0.32901.82
MinimumVisualStudioVersion = 10.0.40219.1
Project("{FAE04EC0-301F-11D3-BF4B-00C04F79EFBC}") = "Graphics-PictureViewer", "Graphics-PictureViewer\Graphics-PictureViewer.csproj", "{CF7C542B-E0ED-4F58-80BF-729559E1E3FF}"
EndProject
Global
	GlobalSection(SolutionConfigurationPlatforms) = preSolution
		Debug|Any CPU = Debug|Any CPU
		Release|Any CPU = Release|Any CPU
	EndGlobalSection
	GlobalSection(ProjectConfigurationPlatforms) = postSolution
		{CF7C542B-E0ED-4F58-80BF-729559E1E3FF}.Debug|Any CPU.ActiveCfg = Debug|Any CPU
		{CF7C542B-E0ED-4F58-80BF-729559E1E3FF}.Debug|Any CPU.Build.0 = Debug|Any CPU
		{CF7C542B-E0ED-4F58-80BF-729559E1E3FF}.Release|Any CPU.ActiveCfg = Release|Any CPU
		{CF7C542B-E0ED-4F58-80BF-729559E1E3FF}.Release|Any CPU.Build.0 = Release|Any CPU
	EndGlobalSection
	GlobalSection(SolutionProperties) = preSolution
		HideSolutionNode = FALSE
	EndGlobalSection
	GlobalSection(ExtensibilityGlobals) = postSolution
		SolutionGuid = {729CCD7C-932C-41F5-BF28-FA8489FAAF92}
	EndGlobalSection
EndGlobal
