
Microsoft Visual Studio Solution File, Format Version 12.00
# Visual Studio Version 16
VisualStudioVersion = 16.0.32901.82
MinimumVisualStudioVersion = 10.0.40219.1
Project("{FAE04EC0-301F-11D3-BF4B-00C04F79EFBC}") = "ListBox-SortingNumbers", "ListBox-SortingNumbers.csproj", "{D20C99A7-92F7-473B-B061-8A136CC9CA44}"
EndProject
Global
	GlobalSection(SolutionConfigurationPlatforms) = preSolution
		Debug|Any CPU = Debug|Any CPU
		Release|Any CPU = Release|Any CPU
	EndGlobalSection
	GlobalSection(ProjectConfigurationPlatforms) = postSolution
		{D20C99A7-92F7-473B-B061-8A136CC9CA44}.Debug|Any CPU.ActiveCfg = Debug|Any CPU
		{D20C99A7-92F7-473B-B061-8A136CC9CA44}.Debug|Any CPU.Build.0 = Debug|Any CPU
		{D20C99A7-92F7-473B-B061-8A136CC9CA44}.Release|Any CPU.ActiveCfg = Release|Any CPU
		{D20C99A7-92F7-473B-B061-8A136CC9CA44}.Release|Any CPU.Build.0 = Release|Any CPU
	EndGlobalSection
	GlobalSection(SolutionProperties) = preSolution
		HideSolutionNode = FALSE
	EndGlobalSection
	GlobalSection(ExtensibilityGlobals) = postSolution
		SolutionGuid = {D78361E3-C1AA-4ABC-99FF-785B2A70A612}
	EndGlobalSection
EndGlobal
