
Microsoft Visual Studio Solution File, Format Version 12.00
# Visual Studio Version 16
VisualStudioVersion = 16.0.32901.82
MinimumVisualStudioVersion = 10.0.40219.1
Project("{FAE04EC0-301F-11D3-BF4B-00C04F79EFBC}") = "TreeView-FactoringNumber", "TreeView-FactoringNumber.csproj", "{1736E90A-8DF5-437C-A2A2-0D9E338EB1CB}"
EndProject
Global
	GlobalSection(SolutionConfigurationPlatforms) = preSolution
		Debug|Any CPU = Debug|Any CPU
		Release|Any CPU = Release|Any CPU
	EndGlobalSection
	GlobalSection(ProjectConfigurationPlatforms) = postSolution
		{1736E90A-8DF5-437C-A2A2-0D9E338EB1CB}.Debug|Any CPU.ActiveCfg = Debug|Any CPU
		{1736E90A-8DF5-437C-A2A2-0D9E338EB1CB}.Debug|Any CPU.Build.0 = Debug|Any CPU
		{1736E90A-8DF5-437C-A2A2-0D9E338EB1CB}.Release|Any CPU.ActiveCfg = Release|Any CPU
		{1736E90A-8DF5-437C-A2A2-0D9E338EB1CB}.Release|Any CPU.Build.0 = Release|Any CPU
	EndGlobalSection
	GlobalSection(SolutionProperties) = preSolution
		HideSolutionNode = FALSE
	EndGlobalSection
	GlobalSection(ExtensibilityGlobals) = postSolution
		SolutionGuid = {7B461E6D-97C7-4FE9-A1B9-173F220C27BE}
	EndGlobalSection
EndGlobal
