
Microsoft Visual Studio Solution File, Format Version 12.00
# Visual Studio Version 16
VisualStudioVersion = 16.0.32901.82
MinimumVisualStudioVersion = 10.0.40219.1
Project("{FAE04EC0-301F-11D3-BF4B-00C04F79EFBC}") = "CalculateFactorialAccordingToGivenNumber", "CalculateFactorialAccordingToGivenNumber.csproj", "{05D614D5-B9C3-4880-991C-801880C6EAEC}"
EndProject
Global
	GlobalSection(SolutionConfigurationPlatforms) = preSolution
		Debug|Any CPU = Debug|Any CPU
		Release|Any CPU = Release|Any CPU
	EndGlobalSection
	GlobalSection(ProjectConfigurationPlatforms) = postSolution
		{05D614D5-B9C3-4880-991C-801880C6EAEC}.Debug|Any CPU.ActiveCfg = Debug|Any CPU
		{05D614D5-B9C3-4880-991C-801880C6EAEC}.Debug|Any CPU.Build.0 = Debug|Any CPU
		{05D614D5-B9C3-4880-991C-801880C6EAEC}.Release|Any CPU.ActiveCfg = Release|Any CPU
		{05D614D5-B9C3-4880-991C-801880C6EAEC}.Release|Any CPU.Build.0 = Release|Any CPU
	EndGlobalSection
	GlobalSection(SolutionProperties) = preSolution
		HideSolutionNode = FALSE
	EndGlobalSection
	GlobalSection(ExtensibilityGlobals) = postSolution
		SolutionGuid = {D3E9B610-3A4B-43DA-9087-7036E528F926}
	EndGlobalSection
EndGlobal
