
Microsoft Visual Studio Solution File, Format Version 12.00
# Visual Studio Version 16
VisualStudioVersion = 16.0.32901.82
MinimumVisualStudioVersion = 10.0.40219.1
Project("{FAE04EC0-301F-11D3-BF4B-00C04F79EFBC}") = "MessageBoxExample", "MessageBoxExample.csproj", "{79C371D8-CEBD-432F-8321-4D25D7F55487}"
EndProject
Global
	GlobalSection(SolutionConfigurationPlatforms) = preSolution
		Debug|Any CPU = Debug|Any CPU
		Release|Any CPU = Release|Any CPU
	EndGlobalSection
	GlobalSection(ProjectConfigurationPlatforms) = postSolution
		{79C371D8-CEBD-432F-8321-4D25D7F55487}.Debug|Any CPU.ActiveCfg = Debug|Any CPU
		{79C371D8-CEBD-432F-8321-4D25D7F55487}.Debug|Any CPU.Build.0 = Debug|Any CPU
		{79C371D8-CEBD-432F-8321-4D25D7F55487}.Release|Any CPU.ActiveCfg = Release|Any CPU
		{79C371D8-CEBD-432F-8321-4D25D7F55487}.Release|Any CPU.Build.0 = Release|Any CPU
	EndGlobalSection
	GlobalSection(SolutionProperties) = preSolution
		HideSolutionNode = FALSE
	EndGlobalSection
	GlobalSection(ExtensibilityGlobals) = postSolution
		SolutionGuid = {2E49C89B-4E48-4F33-938A-10F421EFF994}
	EndGlobalSection
EndGlobal
