
Microsoft Visual Studio Solution File, Format Version 12.00
# Visual Studio Version 16
VisualStudioVersion = 16.0.32901.82
MinimumVisualStudioVersion = 10.0.40219.1
Project("{FAE04EC0-301F-11D3-BF4B-00C04F79EFBC}") = "DirectorySearcher", "DirectorySearcher.csproj", "{BDF17B47-CFC0-497F-9DE8-81733DF07D53}"
EndProject
Global
	GlobalSection(SolutionConfigurationPlatforms) = preSolution
		Debug|Any CPU = Debug|Any CPU
		Release|Any CPU = Release|Any CPU
	EndGlobalSection
	GlobalSection(ProjectConfigurationPlatforms) = postSolution
		{BDF17B47-CFC0-497F-9DE8-81733DF07D53}.Debug|Any CPU.ActiveCfg = Debug|Any CPU
		{BDF17B47-CFC0-497F-9DE8-81733DF07D53}.Debug|Any CPU.Build.0 = Debug|Any CPU
		{BDF17B47-CFC0-497F-9DE8-81733DF07D53}.Release|Any CPU.ActiveCfg = Release|Any CPU
		{BDF17B47-CFC0-497F-9DE8-81733DF07D53}.Release|Any CPU.Build.0 = Release|Any CPU
	EndGlobalSection
	GlobalSection(SolutionProperties) = preSolution
		HideSolutionNode = FALSE
	EndGlobalSection
	GlobalSection(ExtensibilityGlobals) = postSolution
		SolutionGuid = {005F50DE-9A7B-4DD8-B1C2-B698B2CF88FB}
	EndGlobalSection
EndGlobal
