
Microsoft Visual Studio Solution File, Format Version 12.00
# Visual Studio Version 16
VisualStudioVersion = 16.0.32901.82
MinimumVisualStudioVersion = 10.0.40219.1
Project("{FAE04EC0-301F-11D3-BF4B-00C04F79EFBC}") = "Graphics-ScreenCapture", "Graphics-ScreenCapture\Graphics-ScreenCapture.csproj", "{B1D69B4E-18CD-47E1-BD8E-1CC07813FEEC}"
EndProject
Global
	GlobalSection(SolutionConfigurationPlatforms) = preSolution
		Debug|Any CPU = Debug|Any CPU
		Release|Any CPU = Release|Any CPU
	EndGlobalSection
	GlobalSection(ProjectConfigurationPlatforms) = postSolution
		{B1D69B4E-18CD-47E1-BD8E-1CC07813FEEC}.Debug|Any CPU.ActiveCfg = Debug|Any CPU
		{B1D69B4E-18CD-47E1-BD8E-1CC07813FEEC}.Debug|Any CPU.Build.0 = Debug|Any CPU
		{B1D69B4E-18CD-47E1-BD8E-1CC07813FEEC}.Release|Any CPU.ActiveCfg = Release|Any CPU
		{B1D69B4E-18CD-47E1-BD8E-1CC07813FEEC}.Release|Any CPU.Build.0 = Release|Any CPU
	EndGlobalSection
	GlobalSection(SolutionProperties) = preSolution
		HideSolutionNode = FALSE
	EndGlobalSection
	GlobalSection(ExtensibilityGlobals) = postSolution
		SolutionGuid = {7A158EE9-C410-4F70-BE83-C3220911C0C5}
	EndGlobalSection
EndGlobal
