
Microsoft Visual Studio Solution File, Format Version 12.00
# Visual Studio Version 16
VisualStudioVersion = 16.0.32901.82
MinimumVisualStudioVersion = 10.0.40219.1
Project("{FAE04EC0-301F-11D3-BF4B-00C04F79EFBC}") = "OpenFormWithinAnotherForm", "OpenFormWithinAnotherForm.csproj", "{D2C6E463-E873-46E3-8DBD-647E87F6D089}"
EndProject
Global
	GlobalSection(SolutionConfigurationPlatforms) = preSolution
		Debug|Any CPU = Debug|Any CPU
		Release|Any CPU = Release|Any CPU
	EndGlobalSection
	GlobalSection(ProjectConfigurationPlatforms) = postSolution
		{D2C6E463-E873-46E3-8DBD-647E87F6D089}.Debug|Any CPU.ActiveCfg = Debug|Any CPU
		{D2C6E463-E873-46E3-8DBD-647E87F6D089}.Debug|Any CPU.Build.0 = Debug|Any CPU
		{D2C6E463-E873-46E3-8DBD-647E87F6D089}.Release|Any CPU.ActiveCfg = Release|Any CPU
		{D2C6E463-E873-46E3-8DBD-647E87F6D089}.Release|Any CPU.Build.0 = Release|Any CPU
	EndGlobalSection
	GlobalSection(SolutionProperties) = preSolution
		HideSolutionNode = FALSE
	EndGlobalSection
	GlobalSection(ExtensibilityGlobals) = postSolution
		SolutionGuid = {B1C7DE3E-8A7C-4F71-B580-1422FA533C4C}
	EndGlobalSection
EndGlobal
