
Microsoft Visual Studio Solution File, Format Version 12.00
# Visual Studio Version 16
VisualStudioVersion = 16.0.32901.82
MinimumVisualStudioVersion = 10.0.40219.1
Project("{FAE04EC0-301F-11D3-BF4B-00C04F79EFBC}") = "Form-KeyUp-KeyDown-KeyPress", "Form-KeyUp-KeyDown-KeyPress.csproj", "{0FECEFA9-4434-41B3-96C9-CDC0B2412A2A}"
EndProject
Global
	GlobalSection(SolutionConfigurationPlatforms) = preSolution
		Debug|Any CPU = Debug|Any CPU
		Release|Any CPU = Release|Any CPU
	EndGlobalSection
	GlobalSection(ProjectConfigurationPlatforms) = postSolution
		{0FECEFA9-4434-41B3-96C9-CDC0B2412A2A}.Debug|Any CPU.ActiveCfg = Debug|Any CPU
		{0FECEFA9-4434-41B3-96C9-CDC0B2412A2A}.Debug|Any CPU.Build.0 = Debug|Any CPU
		{0FECEFA9-4434-41B3-96C9-CDC0B2412A2A}.Release|Any CPU.ActiveCfg = Release|Any CPU
		{0FECEFA9-4434-41B3-96C9-CDC0B2412A2A}.Release|Any CPU.Build.0 = Release|Any CPU
	EndGlobalSection
	GlobalSection(SolutionProperties) = preSolution
		HideSolutionNode = FALSE
	EndGlobalSection
	GlobalSection(ExtensibilityGlobals) = postSolution
		SolutionGuid = {8F57D4BF-3067-4425-8380-4EEAF8976C4A}
	EndGlobalSection
EndGlobal
