
Microsoft Visual Studio Solution File, Format Version 12.00
# Visual Studio Version 16
VisualStudioVersion = 16.0.32901.82
MinimumVisualStudioVersion = 10.0.40219.1
Project("{FAE04EC0-301F-11D3-BF4B-00C04F79EFBC}") = "PrintDocument-TextAndImage", "PrintDocument-TextAndImage.csproj", "{E83CC5C8-1E6A-4EEF-BA3A-3B68EFCBC4D6}"
EndProject
Global
	GlobalSection(SolutionConfigurationPlatforms) = preSolution
		Debug|Any CPU = Debug|Any CPU
		Release|Any CPU = Release|Any CPU
	EndGlobalSection
	GlobalSection(ProjectConfigurationPlatforms) = postSolution
		{E83CC5C8-1E6A-4EEF-BA3A-3B68EFCBC4D6}.Debug|Any CPU.ActiveCfg = Debug|Any CPU
		{E83CC5C8-1E6A-4EEF-BA3A-3B68EFCBC4D6}.Debug|Any CPU.Build.0 = Debug|Any CPU
		{E83CC5C8-1E6A-4EEF-BA3A-3B68EFCBC4D6}.Release|Any CPU.ActiveCfg = Release|Any CPU
		{E83CC5C8-1E6A-4EEF-BA3A-3B68EFCBC4D6}.Release|Any CPU.Build.0 = Release|Any CPU
	EndGlobalSection
	GlobalSection(SolutionProperties) = preSolution
		HideSolutionNode = FALSE
	EndGlobalSection
	GlobalSection(ExtensibilityGlobals) = postSolution
		SolutionGuid = {F91C2A8B-6949-4610-BC07-5A317775B48A}
	EndGlobalSection
EndGlobal
