
Microsoft Visual Studio Solution File, Format Version 12.00
# Visual Studio Version 16
VisualStudioVersion = 16.0.32901.82
MinimumVisualStudioVersion = 10.0.40219.1
Project("{FAE04EC0-301F-11D3-BF4B-00C04F79EFBC}") = "StringSplit", "StringSplit.csproj", "{D5688E83-C8EF-4089-827A-9C9830F229C2}"
EndProject
Global
	GlobalSection(SolutionConfigurationPlatforms) = preSolution
		Debug|Any CPU = Debug|Any CPU
		Release|Any CPU = Release|Any CPU
	EndGlobalSection
	GlobalSection(ProjectConfigurationPlatforms) = postSolution
		{D5688E83-C8EF-4089-827A-9C9830F229C2}.Debug|Any CPU.ActiveCfg = Debug|Any CPU
		{D5688E83-C8EF-4089-827A-9C9830F229C2}.Debug|Any CPU.Build.0 = Debug|Any CPU
		{D5688E83-C8EF-4089-827A-9C9830F229C2}.Release|Any CPU.ActiveCfg = Release|Any CPU
		{D5688E83-C8EF-4089-827A-9C9830F229C2}.Release|Any CPU.Build.0 = Release|Any CPU
	EndGlobalSection
	GlobalSection(SolutionProperties) = preSolution
		HideSolutionNode = FALSE
	EndGlobalSection
	GlobalSection(ExtensibilityGlobals) = postSolution
		SolutionGuid = {DA743391-C2F4-4D0B-A37A-AD5A29358B6E}
	EndGlobalSection
EndGlobal
