
Microsoft Visual Studio Solution File, Format Version 12.00
# Visual Studio Version 16
VisualStudioVersion = 16.0.32901.82
MinimumVisualStudioVersion = 10.0.40219.1
Project("{FAE04EC0-301F-11D3-BF4B-00C04F79EFBC}") = "TextBox-NumberTypeChecker", "TextBox-NumberTypeChecker.csproj", "{F91A8C20-C288-44F8-ACC3-4B2BF6F9759F}"
EndProject
Global
	GlobalSection(SolutionConfigurationPlatforms) = preSolution
		Debug|Any CPU = Debug|Any CPU
		Release|Any CPU = Release|Any CPU
	EndGlobalSection
	GlobalSection(ProjectConfigurationPlatforms) = postSolution
		{F91A8C20-C288-44F8-ACC3-4B2BF6F9759F}.Debug|Any CPU.ActiveCfg = Debug|Any CPU
		{F91A8C20-C288-44F8-ACC3-4B2BF6F9759F}.Debug|Any CPU.Build.0 = Debug|Any CPU
		{F91A8C20-C288-44F8-ACC3-4B2BF6F9759F}.Release|Any CPU.ActiveCfg = Release|Any CPU
		{F91A8C20-C288-44F8-ACC3-4B2BF6F9759F}.Release|Any CPU.Build.0 = Release|Any CPU
	EndGlobalSection
	GlobalSection(SolutionProperties) = preSolution
		HideSolutionNode = FALSE
	EndGlobalSection
	GlobalSection(ExtensibilityGlobals) = postSolution
		SolutionGuid = {F1A9338D-C6F0-48EB-A5D5-9E4C00F638C1}
	EndGlobalSection
EndGlobal
