
Microsoft Visual Studio Solution File, Format Version 12.00
# Visual Studio Version 16
VisualStudioVersion = 16.0.32901.82
MinimumVisualStudioVersion = 10.0.40219.1
Project("{FAE04EC0-301F-11D3-BF4B-00C04F79EFBC}") = "KeyPress-EnterText", "KeyPress-EnterText.csproj", "{C1CAEC10-2164-4103-9C4F-E08D4BDFD411}"
EndProject
Global
	GlobalSection(SolutionConfigurationPlatforms) = preSolution
		Debug|Any CPU = Debug|Any CPU
		Release|Any CPU = Release|Any CPU
	EndGlobalSection
	GlobalSection(ProjectConfigurationPlatforms) = postSolution
		{C1CAEC10-2164-4103-9C4F-E08D4BDFD411}.Debug|Any CPU.ActiveCfg = Debug|Any CPU
		{C1CAEC10-2164-4103-9C4F-E08D4BDFD411}.Debug|Any CPU.Build.0 = Debug|Any CPU
		{C1CAEC10-2164-4103-9C4F-E08D4BDFD411}.Release|Any CPU.ActiveCfg = Release|Any CPU
		{C1CAEC10-2164-4103-9C4F-E08D4BDFD411}.Release|Any CPU.Build.0 = Release|Any CPU
	EndGlobalSection
	GlobalSection(SolutionProperties) = preSolution
		HideSolutionNode = FALSE
	EndGlobalSection
	GlobalSection(ExtensibilityGlobals) = postSolution
		SolutionGuid = {176DD808-C7B6-40AB-AF6B-EE3F38C5CFE0}
	EndGlobalSection
EndGlobal
