
Microsoft Visual Studio Solution File, Format Version 12.00
# Visual Studio Version 16
VisualStudioVersion = 16.0.32901.82
MinimumVisualStudioVersion = 10.0.40219.1
Project("{FAE04EC0-301F-11D3-BF4B-00C04F79EFBC}") = "TextBox-Modified", "TextBox-Modified.csproj", "{177B74D1-EDA4-4CFD-B1BF-633CF4D8C25D}"
EndProject
Global
	GlobalSection(SolutionConfigurationPlatforms) = preSolution
		Debug|Any CPU = Debug|Any CPU
		Release|Any CPU = Release|Any CPU
	EndGlobalSection
	GlobalSection(ProjectConfigurationPlatforms) = postSolution
		{177B74D1-EDA4-4CFD-B1BF-633CF4D8C25D}.Debug|Any CPU.ActiveCfg = Debug|Any CPU
		{177B74D1-EDA4-4CFD-B1BF-633CF4D8C25D}.Debug|Any CPU.Build.0 = Debug|Any CPU
		{177B74D1-EDA4-4CFD-B1BF-633CF4D8C25D}.Release|Any CPU.ActiveCfg = Release|Any CPU
		{177B74D1-EDA4-4CFD-B1BF-633CF4D8C25D}.Release|Any CPU.Build.0 = Release|Any CPU
	EndGlobalSection
	GlobalSection(SolutionProperties) = preSolution
		HideSolutionNode = FALSE
	EndGlobalSection
	GlobalSection(ExtensibilityGlobals) = postSolution
		SolutionGuid = {2E4DAE40-8C77-4022-8F36-510FE424D869}
	EndGlobalSection
EndGlobal
