
Microsoft Visual Studio Solution File, Format Version 12.00
# Visual Studio Version 16
VisualStudioVersion = 16.0.32901.82
MinimumVisualStudioVersion = 10.0.40219.1
Project("{FAE04EC0-301F-11D3-BF4B-00C04F79EFBC}") = "ChangeBackgrndColorOfTextBoxes", "ChangeBackgrndColorOfTextBoxes.csproj", "{D46074D7-DC6C-4383-9C19-BBB1159AE301}"
EndProject
Global
	GlobalSection(SolutionConfigurationPlatforms) = preSolution
		Debug|Any CPU = Debug|Any CPU
		Release|Any CPU = Release|Any CPU
	EndGlobalSection
	GlobalSection(ProjectConfigurationPlatforms) = postSolution
		{D46074D7-DC6C-4383-9C19-BBB1159AE301}.Debug|Any CPU.ActiveCfg = Debug|Any CPU
		{D46074D7-DC6C-4383-9C19-BBB1159AE301}.Debug|Any CPU.Build.0 = Debug|Any CPU
		{D46074D7-DC6C-4383-9C19-BBB1159AE301}.Release|Any CPU.ActiveCfg = Release|Any CPU
		{D46074D7-DC6C-4383-9C19-BBB1159AE301}.Release|Any CPU.Build.0 = Release|Any CPU
	EndGlobalSection
	GlobalSection(SolutionProperties) = preSolution
		HideSolutionNode = FALSE
	EndGlobalSection
	GlobalSection(ExtensibilityGlobals) = postSolution
		SolutionGuid = {CE5A5C77-DA64-429F-A113-636A70DFA716}
	EndGlobalSection
EndGlobal
