
Microsoft Visual Studio Solution File, Format Version 12.00
# Visual Studio Version 16
VisualStudioVersion = 16.0.32901.82
MinimumVisualStudioVersion = 10.0.40219.1
Project("{FAE04EC0-301F-11D3-BF4B-00C04F79EFBC}") = "MonthCalendar", "MonthCalendar.csproj", "{8B96F9DD-4D94-475D-A62D-FAEE05EA0837}"
EndProject
Global
	GlobalSection(SolutionConfigurationPlatforms) = preSolution
		Debug|Any CPU = Debug|Any CPU
		Release|Any CPU = Release|Any CPU
	EndGlobalSection
	GlobalSection(ProjectConfigurationPlatforms) = postSolution
		{8B96F9DD-4D94-475D-A62D-FAEE05EA0837}.Debug|Any CPU.ActiveCfg = Debug|Any CPU
		{8B96F9DD-4D94-475D-A62D-FAEE05EA0837}.Debug|Any CPU.Build.0 = Debug|Any CPU
		{8B96F9DD-4D94-475D-A62D-FAEE05EA0837}.Release|Any CPU.ActiveCfg = Release|Any CPU
		{8B96F9DD-4D94-475D-A62D-FAEE05EA0837}.Release|Any CPU.Build.0 = Release|Any CPU
	EndGlobalSection
	GlobalSection(SolutionProperties) = preSolution
		HideSolutionNode = FALSE
	EndGlobalSection
	GlobalSection(ExtensibilityGlobals) = postSolution
		SolutionGuid = {12E2EC8E-AA66-4395-8572-8E15C8CCA97F}
	EndGlobalSection
EndGlobal
