
Microsoft Visual Studio Solution File, Format Version 12.00
# Visual Studio Version 16
VisualStudioVersion = 16.0.32901.82
MinimumVisualStudioVersion = 10.0.40219.1
Project("{FAE04EC0-301F-11D3-BF4B-00C04F79EFBC}") = "ComboBox-Images", "ComboBox-Images.csproj", "{BC86359D-C81D-48D9-87B7-568D728850BC}"
EndProject
Global
	GlobalSection(SolutionConfigurationPlatforms) = preSolution
		Debug|Any CPU = Debug|Any CPU
		Release|Any CPU = Release|Any CPU
	EndGlobalSection
	GlobalSection(ProjectConfigurationPlatforms) = postSolution
		{BC86359D-C81D-48D9-87B7-568D728850BC}.Debug|Any CPU.ActiveCfg = Debug|Any CPU
		{BC86359D-C81D-48D9-87B7-568D728850BC}.Debug|Any CPU.Build.0 = Debug|Any CPU
		{BC86359D-C81D-48D9-87B7-568D728850BC}.Release|Any CPU.ActiveCfg = Release|Any CPU
		{BC86359D-C81D-48D9-87B7-568D728850BC}.Release|Any CPU.Build.0 = Release|Any CPU
	EndGlobalSection
	GlobalSection(SolutionProperties) = preSolution
		HideSolutionNode = FALSE
	EndGlobalSection
	GlobalSection(ExtensibilityGlobals) = postSolution
		SolutionGuid = {63236564-F3A6-48FC-A680-9025C8D3E057}
	EndGlobalSection
EndGlobal
