
Microsoft Visual Studio Solution File, Format Version 12.00
# Visual Studio Version 16
VisualStudioVersion = 16.0.32901.82
MinimumVisualStudioVersion = 10.0.40219.1
Project("{FAE04EC0-301F-11D3-BF4B-00C04F79EFBC}") = "TreeView-RegionAndCitySelector", "TreeView-RegionAndCitySelector.csproj", "{7175A9B9-3D83-4450-A2CD-5D899646AFE8}"
EndProject
Global
	GlobalSection(SolutionConfigurationPlatforms) = preSolution
		Debug|Any CPU = Debug|Any CPU
		Release|Any CPU = Release|Any CPU
	EndGlobalSection
	GlobalSection(ProjectConfigurationPlatforms) = postSolution
		{7175A9B9-3D83-4450-A2CD-5D899646AFE8}.Debug|Any CPU.ActiveCfg = Debug|Any CPU
		{7175A9B9-3D83-4450-A2CD-5D899646AFE8}.Debug|Any CPU.Build.0 = Debug|Any CPU
		{7175A9B9-3D83-4450-A2CD-5D899646AFE8}.Release|Any CPU.ActiveCfg = Release|Any CPU
		{7175A9B9-3D83-4450-A2CD-5D899646AFE8}.Release|Any CPU.Build.0 = Release|Any CPU
	EndGlobalSection
	GlobalSection(SolutionProperties) = preSolution
		HideSolutionNode = FALSE
	EndGlobalSection
	GlobalSection(ExtensibilityGlobals) = postSolution
		SolutionGuid = {2A010287-7D2D-4144-94C0-D8755C6CD8EF}
	EndGlobalSection
EndGlobal
