
Microsoft Visual Studio Solution File, Format Version 12.00
# Visual Studio Version 16
VisualStudioVersion = 16.0.32901.82
MinimumVisualStudioVersion = 10.0.40219.1
Project("{FAE04EC0-301F-11D3-BF4B-00C04F79EFBC}") = "ComboBox-SortingNumbers", "ComboBox-SortingNumbers.csproj", "{52D02DE1-549A-41C0-9F70-E37766449DBF}"
EndProject
Global
	GlobalSection(SolutionConfigurationPlatforms) = preSolution
		Debug|Any CPU = Debug|Any CPU
		Release|Any CPU = Release|Any CPU
	EndGlobalSection
	GlobalSection(ProjectConfigurationPlatforms) = postSolution
		{52D02DE1-549A-41C0-9F70-E37766449DBF}.Debug|Any CPU.ActiveCfg = Debug|Any CPU
		{52D02DE1-549A-41C0-9F70-E37766449DBF}.Debug|Any CPU.Build.0 = Debug|Any CPU
		{52D02DE1-549A-41C0-9F70-E37766449DBF}.Release|Any CPU.ActiveCfg = Release|Any CPU
		{52D02DE1-549A-41C0-9F70-E37766449DBF}.Release|Any CPU.Build.0 = Release|Any CPU
	EndGlobalSection
	GlobalSection(SolutionProperties) = preSolution
		HideSolutionNode = FALSE
	EndGlobalSection
	GlobalSection(ExtensibilityGlobals) = postSolution
		SolutionGuid = {DE92EFC2-71F2-497F-A754-EF4674B5036B}
	EndGlobalSection
EndGlobal
