
Microsoft Visual Studio Solution File, Format Version 12.00
# Visual Studio Version 16
VisualStudioVersion = 16.0.32901.82
MinimumVisualStudioVersion = 10.0.40219.1
Project("{FAE04EC0-301F-11D3-BF4B-00C04F79EFBC}") = "HanoiTowers-Advanced", "HanoiTowers-Advanced.csproj", "{B09E19CD-46A9-44D9-BF90-EE045FA63F6F}"
EndProject
Global
	GlobalSection(SolutionConfigurationPlatforms) = preSolution
		Debug|Any CPU = Debug|Any CPU
		Release|Any CPU = Release|Any CPU
	EndGlobalSection
	GlobalSection(ProjectConfigurationPlatforms) = postSolution
		{B09E19CD-46A9-44D9-BF90-EE045FA63F6F}.Debug|Any CPU.ActiveCfg = Debug|Any CPU
		{B09E19CD-46A9-44D9-BF90-EE045FA63F6F}.Debug|Any CPU.Build.0 = Debug|Any CPU
		{B09E19CD-46A9-44D9-BF90-EE045FA63F6F}.Release|Any CPU.ActiveCfg = Release|Any CPU
		{B09E19CD-46A9-44D9-BF90-EE045FA63F6F}.Release|Any CPU.Build.0 = Release|Any CPU
	EndGlobalSection
	GlobalSection(SolutionProperties) = preSolution
		HideSolutionNode = FALSE
	EndGlobalSection
	GlobalSection(ExtensibilityGlobals) = postSolution
		SolutionGuid = {604F7E27-DC73-46D3-A16A-58A3F067D3DF}
	EndGlobalSection
EndGlobal
