
Microsoft Visual Studio Solution File, Format Version 12.00
# Visual Studio Version 16
VisualStudioVersion = 16.0.32901.82
MinimumVisualStudioVersion = 10.0.40219.1
Project("{FAE04EC0-301F-11D3-BF4B-00C04F79EFBC}") = "TextBox-ChangeColor", "TextBox-ChangeColor.csproj", "{0647E232-34C7-44A2-B4E8-5BB222267148}"
EndProject
Global
	GlobalSection(SolutionConfigurationPlatforms) = preSolution
		Debug|Any CPU = Debug|Any CPU
		Release|Any CPU = Release|Any CPU
	EndGlobalSection
	GlobalSection(ProjectConfigurationPlatforms) = postSolution
		{0647E232-34C7-44A2-B4E8-5BB222267148}.Debug|Any CPU.ActiveCfg = Debug|Any CPU
		{0647E232-34C7-44A2-B4E8-5BB222267148}.Debug|Any CPU.Build.0 = Debug|Any CPU
		{0647E232-34C7-44A2-B4E8-5BB222267148}.Release|Any CPU.ActiveCfg = Release|Any CPU
		{0647E232-34C7-44A2-B4E8-5BB222267148}.Release|Any CPU.Build.0 = Release|Any CPU
	EndGlobalSection
	GlobalSection(SolutionProperties) = preSolution
		HideSolutionNode = FALSE
	EndGlobalSection
	GlobalSection(ExtensibilityGlobals) = postSolution
		SolutionGuid = {E3B4C18C-3637-4C08-BFEC-8E36F8776E4F}
	EndGlobalSection
EndGlobal
