
Microsoft Visual Studio Solution File, Format Version 12.00
# Visual Studio Version 16
VisualStudioVersion = 16.0.32901.82
MinimumVisualStudioVersion = 10.0.40219.1
Project("{FAE04EC0-301F-11D3-BF4B-00C04F79EFBC}") = "RadioButton-TextBoxEnableDisable", "RadioButton-TextBoxEnableDisable.csproj", "{7BAC234B-B085-43AE-9AF2-394012FD15BA}"
EndProject
Global
	GlobalSection(SolutionConfigurationPlatforms) = preSolution
		Debug|Any CPU = Debug|Any CPU
		Release|Any CPU = Release|Any CPU
	EndGlobalSection
	GlobalSection(ProjectConfigurationPlatforms) = postSolution
		{7BAC234B-B085-43AE-9AF2-394012FD15BA}.Debug|Any CPU.ActiveCfg = Debug|Any CPU
		{7BAC234B-B085-43AE-9AF2-394012FD15BA}.Debug|Any CPU.Build.0 = Debug|Any CPU
		{7BAC234B-B085-43AE-9AF2-394012FD15BA}.Release|Any CPU.ActiveCfg = Release|Any CPU
		{7BAC234B-B085-43AE-9AF2-394012FD15BA}.Release|Any CPU.Build.0 = Release|Any CPU
	EndGlobalSection
	GlobalSection(SolutionProperties) = preSolution
		HideSolutionNode = FALSE
	EndGlobalSection
	GlobalSection(ExtensibilityGlobals) = postSolution
		SolutionGuid = {B10039A6-E8F2-4B6A-912A-FCCEA9A308AF}
	EndGlobalSection
EndGlobal
