
Microsoft Visual Studio Solution File, Format Version 12.00
# Visual Studio Version 16
VisualStudioVersion = 16.0.32901.82
MinimumVisualStudioVersion = 10.0.40219.1
Project("{FAE04EC0-301F-11D3-BF4B-00C04F79EFBC}") = "FindingGregorianAndHijriDates", "FindingGregorianAndHijriDates.csproj", "{12D7742F-20BA-4951-B956-DFD9F7E81E16}"
EndProject
Global
	GlobalSection(SolutionConfigurationPlatforms) = preSolution
		Debug|Any CPU = Debug|Any CPU
		Release|Any CPU = Release|Any CPU
	EndGlobalSection
	GlobalSection(ProjectConfigurationPlatforms) = postSolution
		{12D7742F-20BA-4951-B956-DFD9F7E81E16}.Debug|Any CPU.ActiveCfg = Debug|Any CPU
		{12D7742F-20BA-4951-B956-DFD9F7E81E16}.Debug|Any CPU.Build.0 = Debug|Any CPU
		{12D7742F-20BA-4951-B956-DFD9F7E81E16}.Release|Any CPU.ActiveCfg = Release|Any CPU
		{12D7742F-20BA-4951-B956-DFD9F7E81E16}.Release|Any CPU.Build.0 = Release|Any CPU
	EndGlobalSection
	GlobalSection(SolutionProperties) = preSolution
		HideSolutionNode = FALSE
	EndGlobalSection
	GlobalSection(ExtensibilityGlobals) = postSolution
		SolutionGuid = {46620C40-ADCA-4778-B130-33CF2029D771}
	EndGlobalSection
EndGlobal
