
Microsoft Visual Studio Solution File, Format Version 12.00
# Visual Studio Version 16
VisualStudioVersion = 16.0.32901.82
MinimumVisualStudioVersion = 10.0.40219.1
Project("{FAE04EC0-301F-11D3-BF4B-00C04F79EFBC}") = "FileStream-EncryptDecrypt", "FileStream-EncryptDecrypt.csproj", "{CED0B9A4-1DD8-4AEA-A6C2-F40CCE977BDD}"
EndProject
Global
	GlobalSection(SolutionConfigurationPlatforms) = preSolution
		Debug|Any CPU = Debug|Any CPU
		Release|Any CPU = Release|Any CPU
	EndGlobalSection
	GlobalSection(ProjectConfigurationPlatforms) = postSolution
		{CED0B9A4-1DD8-4AEA-A6C2-F40CCE977BDD}.Debug|Any CPU.ActiveCfg = Debug|Any CPU
		{CED0B9A4-1DD8-4AEA-A6C2-F40CCE977BDD}.Debug|Any CPU.Build.0 = Debug|Any CPU
		{CED0B9A4-1DD8-4AEA-A6C2-F40CCE977BDD}.Release|Any CPU.ActiveCfg = Release|Any CPU
		{CED0B9A4-1DD8-4AEA-A6C2-F40CCE977BDD}.Release|Any CPU.Build.0 = Release|Any CPU
	EndGlobalSection
	GlobalSection(SolutionProperties) = preSolution
		HideSolutionNode = FALSE
	EndGlobalSection
	GlobalSection(ExtensibilityGlobals) = postSolution
		SolutionGuid = {4A628633-55D4-4EE4-A93D-98AC358DA036}
	EndGlobalSection
EndGlobal
