
Microsoft Visual Studio Solution File, Format Version 12.00
# Visual Studio Version 16
VisualStudioVersion = 16.0.32901.82
MinimumVisualStudioVersion = 10.0.40219.1
Project("{FAE04EC0-301F-11D3-BF4B-00C04F79EFBC}") = "SalesProgram", "SalesProgram.csproj", "{1416F178-171C-44FF-ACC1-184BC37F13FD}"
EndProject
Global
	GlobalSection(SolutionConfigurationPlatforms) = preSolution
		Debug|Any CPU = Debug|Any CPU
		Release|Any CPU = Release|Any CPU
	EndGlobalSection
	GlobalSection(ProjectConfigurationPlatforms) = postSolution
		{1416F178-171C-44FF-ACC1-184BC37F13FD}.Debug|Any CPU.ActiveCfg = Debug|Any CPU
		{1416F178-171C-44FF-ACC1-184BC37F13FD}.Debug|Any CPU.Build.0 = Debug|Any CPU
		{1416F178-171C-44FF-ACC1-184BC37F13FD}.Release|Any CPU.ActiveCfg = Release|Any CPU
		{1416F178-171C-44FF-ACC1-184BC37F13FD}.Release|Any CPU.Build.0 = Release|Any CPU
	EndGlobalSection
	GlobalSection(SolutionProperties) = preSolution
		HideSolutionNode = FALSE
	EndGlobalSection
	GlobalSection(ExtensibilityGlobals) = postSolution
		SolutionGuid = {F6A8CE79-A0C7-484A-AFC5-925B47D69126}
	EndGlobalSection
EndGlobal
